
Microsoft Visual Studio Solution File, Format Version 12.00
# Visual Studio Version 17
VisualStudioVersion = 17.8.34330.188
MinimumVisualStudioVersion = 10.0.40219.1
Project("{FAE04EC0-301F-11D3-BF4B-00C04F79EFBC}") = "YP_1_2", "YP_1_2.csproj", "{DCA05F15-5292-4550-AB97-FCAECC121CF9}"
EndProject
Global
	GlobalSection(SolutionConfigurationPlatforms) = preSolution
		Debug|Any CPU = Debug|Any CPU
		Release|Any CPU = Release|Any CPU
	EndGlobalSection
	GlobalSection(ProjectConfigurationPlatforms) = postSolution
		{DCA05F15-5292-4550-AB97-FCAECC121CF9}.Debug|Any CPU.ActiveCfg = Debug|Any CPU
		{DCA05F15-5292-4550-AB97-FCAECC121CF9}.Debug|Any CPU.Build.0 = Debug|Any CPU
		{DCA05F15-5292-4550-AB97-FCAECC121CF9}.Release|Any CPU.ActiveCfg = Release|Any CPU
		{DCA05F15-5292-4550-AB97-FCAECC121CF9}.Release|Any CPU.Build.0 = Release|Any CPU
	EndGlobalSection
	GlobalSection(SolutionProperties) = preSolution
		HideSolutionNode = FALSE
	EndGlobalSection
	GlobalSection(ExtensibilityGlobals) = postSolution
		SolutionGuid = {DAB8B656-DA5C-4E23-9524-C62BFC249382}
	EndGlobalSection
EndGlobal
